PODS:
  - GSTouchesShowingWindow (1.0.2)

DEPENDENCIES:
  - GSTouchesShowingWindow

SPEC REPOS:
  https://github.com/cocoapods/specs.git:
    - GSTouchesShowingWindow

SPEC CHECKSUMS:
  GSTouchesShowingWindow: 65cfb8aaf8989dd871576f05bb804644df2c72c0

PODFILE CHECKSUM: e252be4ed495ea699053fbc225cf7fce9236dce5

COCOAPODS: 1.7.0.beta.2
