PODS:
  - GSTouchesShowingWindow (1.0.2)

DEPENDENCIES:
  - GSTouchesShowingWindow

SPEC REPOS:
  https://cdn.jsdelivr.net/cocoa/:
    - GSTouchesShowingWindow

SPEC CHECKSUMS:
  GSTouchesShowingWindow: 65cfb8aaf8989dd871576f05bb804644df2c72c0

PODFILE CHECKSUM: 87dfd51b885e0fcc7b8e47ded219465340c3e67a

COCOAPODS: 1.7.0.beta.3
