PODS:
  - GSTouchesShowingWindow (1.0.2)

DEPENDENCIES:
  - GSTouchesShowingWindow

SPEC REPOS:
  https://github.com/cocoapods/specs.git:
    - GSTouchesShowingWindow

SPEC CHECKSUMS:
  GSTouchesShowingWindow: 65cfb8aaf8989dd871576f05bb804644df2c72c0

PODFILE CHECKSUM: 92f9041860177d3c9f744e54d499347f81db9c0b

COCOAPODS: 1.6.1
